# This file was autogenerated by Stack.
# You should not edit this file by hand.
# For more information, please see the documentation at:
#   https://docs.haskellstack.org/en/stable/lock_files

packages:
- completed:
    hackage: profunctors-5.5.2@sha256:55132b7e8a5461e8f7fdc4e06839109fe42ad581225cd151342753fddb824aa8,2075
    pantry-tree:
      size: 1639
      sha256: ad6ec53d15bbadac65278e52ff03e22236d1399d6fd61ea20ae8cd9a0d9de207
  original:
    hackage: profunctors-5.5.2
- completed:
    hackage: nonempty-containers-0.3.4.1@sha256:302df9f02c2c041e148cb923f0c7fe2280fc6ddd49c1de1fbd8ec85498838a3d,2673
    pantry-tree:
      size: 1480
      sha256: 001caf7fdec0fe28ad8ef7a463a626c9f0bfa32d1b110748554d114b7209de20
  original:
    hackage: nonempty-containers-0.3.4.1
snapshots:
- completed:
    size: 567677
    url: https://raw.githubusercontent.com/commercialhaskell/stackage-snapshots/master/lts/17/14.yaml
    sha256: 3740f22286bf5e6e3d82f88125e1c708b6e27847211f956b530aa5d83cf39383
  original: lts-17.14
